// !$*UTF8*$!
{
	archiveVersion = 1;
	classes = {
	};
	objectVersion = 50;
	objects = {

/* Begin PBXBuildFile section */
		49B409DF24AF6083007CA592 /* AppDelegate.swift in Sources */ = {isa = PBXBuildFile; fileRef = 49B409DE24AF6083007CA592 /* AppDelegate.swift */; };
		49B409E124AF6083007CA592 /* SceneDelegate.swift in Sources */ = {isa = PBXBuildFile; fileRef = 49B409E024AF6083007CA592 /* SceneDelegate.swift */; };
		49B409E324AF6083007CA592 /* ViewController.swift in Sources */ = {isa = PBXBuildFile; fileRef = 49B409E224AF6083007CA592 /* ViewController.swift */; };
		49B409E624AF6083007CA592 /* Main.storyboard in Resources */ = {isa = PBXBuildFile; fileRef = 49B409E424AF6083007CA592 /* Main.storyboard */; };
		49B409E824AF6084007CA592 /* Assets.xcassets in Resources */ = {isa = PBXBuildFile; fileRef = 49B409E724AF6084007CA592 /* Assets.xcassets */; };
		49B409EB24AF6084007CA592 /* LaunchScreen.storyboard in Resources */ = {isa = PBXBuildFile; fileRef = 49B409E924AF6084007CA592 /* LaunchScreen.storyboard */; };
		49B409F624AF6084007CA592 /* ExampleTests.swift in Sources */ = {isa = PBXBuildFile; fileRef = 49B409F524AF6084007CA592 /* ExampleTests.swift */; };
		49B40A0C24AF6120007CA592 /* BarValueData.swift in Sources */ = {isa = PBXBuildFile; fileRef = 49B40A0824AF6120007CA592 /* BarValueData.swift */; };
		49B40A0D24AF6120007CA592 /* BarData.swift in Sources */ = {isa = PBXBuildFile; fileRef = 49B40A0924AF6120007CA592 /* BarData.swift */; };
		49B40A0E24AF6120007CA592 /* BarChartConfiguration.swift in Sources */ = {isa = PBXBuildFile; fileRef = 49B40A0A24AF6120007CA592 /* BarChartConfiguration.swift */; };
		49B40A0F24AF6120007CA592 /* BarChartLine.swift in Sources */ = {isa = PBXBuildFile; fileRef = 49B40A0B24AF6120007CA592 /* BarChartLine.swift */; };
		49B40A1124AF6152007CA592 /* BasicBarChartPresenter.swift in Sources */ = {isa = PBXBuildFile; fileRef = 49B40A1024AF6152007CA592 /* BasicBarChartPresenter.swift */; };
		49B40A1324AF615C007CA592 /* SimpleBarChartView.swift in Sources */ = {isa = PBXBuildFile; fileRef = 49B40A1224AF615C007CA592 /* SimpleBarChartView.swift */; };
		49B40A1524AF616C007CA592 /* CALayerExtensions.swift in Sources */ = {isa = PBXBuildFile; fileRef = 49B40A1424AF616C007CA592 /* CALayerExtensions.swift */; };
		49B40A1724AF617A007CA592 /* ArrayExtensions.swift in Sources */ = {isa = PBXBuildFile; fileRef = 49B40A1624AF617A007CA592 /* ArrayExtensions.swift */; };
		49B40A1924AF6258007CA592 /* SecondViewController.swift in Sources */ = {isa = PBXBuildFile; fileRef = 49B40A1824AF6258007CA592 /* SecondViewController.swift */; };
		49B40A1B24AF6297007CA592 /* SecondViewPresenter.swift in Sources */ = {isa = PBXBuildFile; fileRef = 49B40A1A24AF6297007CA592 /* SecondViewPresenter.swift */; };
		49B40A1D24AF62AF007CA592 /* Day.swift in Sources */ = {isa = PBXBuildFile; fileRef = 49B40A1C24AF62AF007CA592 /* Day.swift */; };
		49B40A2224AF63D0007CA592 /* Utils.swift in Sources */ = {isa = PBXBuildFile; fileRef = 49B40A2124AF63D0007CA592 /* Utils.swift */; };
		49B40A2624AF64DD007CA592 /* HealthKit.framework in Frameworks */ = {isa = PBXBuildFile; fileRef = 49B40A2524AF64DD007CA592 /* HealthKit.framework */; };
		49B40A2B24AF663E007CA592 /* SimpleBarChartViewTests.swift in Sources */ = {isa = PBXBuildFile; fileRef = 49B40A2A24AF663E007CA592 /* SimpleBarChartViewTests.swift */; };
		49B40A2F24AF6D28007CA592 /* SimpleBarChartPresenterTests.swift in Sources */ = {isa = PBXBuildFile; fileRef = 49B40A2E24AF6D28007CA592 /* SimpleBarChartPresenterTests.swift */; };
		49B40A3224AF6FF5007CA592 /* ArrayExtensionsTests.swift in Sources */ = {isa = PBXBuildFile; fileRef = 49B40A3124AF6FF5007CA592 /* ArrayExtensionsTests.swift */; };
		49B40A3524AF738D007CA592 /* BarDataTests.swift in Sources */ = {isa = PBXBuildFile; fileRef = 49B40A3424AF738D007CA592 /* BarDataTests.swift */; };
		49B40A3724AF7507007CA592 /* BarValueDataTests.swift in Sources */ = {isa = PBXBuildFile; fileRef = 49B40A3624AF7507007CA592 /* BarValueDataTests.swift */; };
		49B40A3924AF75C8007CA592 /* BarCharLineTests.swift in Sources */ = {isa = PBXBuildFile; fileRef = 49B40A3824AF75C8007CA592 /* BarCharLineTests.swift */; };
		49B40A3B24AF762A007CA592 /* BarChartConfigurationTests.swift in Sources */ = {isa = PBXBuildFile; fileRef = 49B40A3A24AF762A007CA592 /* BarChartConfigurationTests.swift */; };
		49B40A3D24AF7691007CA592 /* FirstViewControllerTests.swift in Sources */ = {isa = PBXBuildFile; fileRef = 49B40A3C24AF7691007CA592 /* FirstViewControllerTests.swift */; };
		49B40A3F24AF7A93007CA592 /* SeconViewControllerTests.swift in Sources */ = {isa = PBXBuildFile; fileRef = 49B40A3E24AF7A93007CA592 /* SeconViewControllerTests.swift */; };
		49B40A4124AF7EB6007CA592 /* SecondPresenterTests.swift in Sources */ = {isa = PBXBuildFile; fileRef = 49B40A4024AF7EB6007CA592 /* SecondPresenterTests.swift */; };
/* End PBXBuildFile section */

/* Begin PBXContainerItemProxy section */
		49B409F224AF6084007CA592 /* PBXContainerItemProxy */ = {
			isa = PBXContainerItemProxy;
			containerPortal = 49B409D324AF6083007CA592 /* Project object */;
			proxyType = 1;
			remoteGlobalIDString = 49B409DA24AF6083007CA592;
			remoteInfo = Example;
		};
/* End PBXContainerItemProxy section */

/* Begin PBXFileReference section */
		49B409DB24AF6083007CA592 /* Example.app */ = {isa = PBXFileReference; explicitFileType = wrapper.application; includeInIndex = 0; path = Example.app; sourceTree = BUILT_PRODUCTS_DIR; };
		49B409DE24AF6083007CA592 /* AppDelegate.swift */ = {isa = PBXFileReference; lastKnownFileType = sourcecode.swift; path = AppDelegate.swift; sourceTree = "<group>"; };
		49B409E024AF6083007CA592 /* SceneDelegate.swift */ = {isa = PBXFileReference; lastKnownFileType = sourcecode.swift; path = SceneDelegate.swift; sourceTree = "<group>"; };
		49B409E224AF6083007CA592 /* ViewController.swift */ = {isa = PBXFileReference; lastKnownFileType = sourcecode.swift; path = ViewController.swift; sourceTree = "<group>"; };
		49B409E524AF6083007CA592 /* Base */ = {isa = PBXFileReference; lastKnownFileType = file.storyboard; name = Base; path = Base.lproj/Main.storyboard; sourceTree = "<group>"; };
		49B409E724AF6084007CA592 /* Assets.xcassets */ = {isa = PBXFileReference; lastKnownFileType = folder.assetcatalog; path = Assets.xcassets; sourceTree = "<group>"; };
		49B409EA24AF6084007CA592 /* Base */ = {isa = PBXFileReference; lastKnownFileType = file.storyboard; name = Base; path = Base.lproj/LaunchScreen.storyboard; sourceTree = "<group>"; };
		49B409EC24AF6084007CA592 /* Info.plist */ = {isa = PBXFileReference; lastKnownFileType = text.plist.xml; path = Info.plist; sourceTree = "<group>"; };
		49B409F124AF6084007CA592 /* ExampleTests.xctest */ = {isa = PBXFileReference; explicitFileType = wrapper.cfbundle; includeInIndex = 0; path = ExampleTests.xctest; sourceTree = BUILT_PRODUCTS_DIR; };
		49B409F524AF6084007CA592 /* ExampleTests.swift */ = {isa = PBXFileReference; lastKnownFileType = sourcecode.swift; path = ExampleTests.swift; sourceTree = "<group>"; };
		49B409F724AF6084007CA592 /* Info.plist */ = {isa = PBXFileReference; lastKnownFileType = text.plist.xml; path = Info.plist; sourceTree = "<group>"; };
		49B40A0824AF6120007CA592 /* BarValueData.swift */ = {isa = PBXFileReference; fileEncoding = 4; lastKnownFileType = sourcecode.swift; path = BarValueData.swift; sourceTree = "<group>"; };
		49B40A0924AF6120007CA592 /* BarData.swift */ = {isa = PBXFileReference; fileEncoding = 4; lastKnownFileType = sourcecode.swift; path = BarData.swift; sourceTree = "<group>"; };
		49B40A0A24AF6120007CA592 /* BarChartConfiguration.swift */ = {isa = PBXFileReference; fileEncoding = 4; lastKnownFileType = sourcecode.swift; path = BarChartConfiguration.swift; sourceTree = "<group>"; };
		49B40A0B24AF6120007CA592 /* BarChartLine.swift */ = {isa = PBXFileReference; fileEncoding = 4; lastKnownFileType = sourcecode.swift; path = BarChartLine.swift; sourceTree = "<group>"; };
		49B40A1024AF6152007CA592 /* BasicBarChartPresenter.swift */ = {isa = PBXFileReference; fileEncoding = 4; lastKnownFileType = sourcecode.swift; path = BasicBarChartPresenter.swift; sourceTree = "<group>"; };
		49B40A1224AF615C007CA592 /* SimpleBarChartView.swift */ = {isa = PBXFileReference; fileEncoding = 4; lastKnownFileType = sourcecode.swift; path = SimpleBarChartView.swift; sourceTree = "<group>"; };
		49B40A1424AF616C007CA592 /* CALayerExtensions.swift */ = {isa = PBXFileReference; lastKnownFileType = sourcecode.swift; path = CALayerExtensions.swift; sourceTree = "<group>"; };
		49B40A1624AF617A007CA592 /* ArrayExtensions.swift */ = {isa = PBXFileReference; lastKnownFileType = sourcecode.swift; path = ArrayExtensions.swift; sourceTree = "<group>"; };
		49B40A1824AF6258007CA592 /* SecondViewController.swift */ = {isa = PBXFileReference; lastKnownFileType = sourcecode.swift; path = SecondViewController.swift; sourceTree = "<group>"; };
		49B40A1A24AF6297007CA592 /* SecondViewPresenter.swift */ = {isa = PBXFileReference; lastKnownFileType = sourcecode.swift; path = SecondViewPresenter.swift; sourceTree = "<group>"; };
		49B40A1C24AF62AF007CA592 /* Day.swift */ = {isa = PBXFileReference; lastKnownFileType = sourcecode.swift; path = Day.swift; sourceTree = "<group>"; };
		49B40A2124AF63D0007CA592 /* Utils.swift */ = {isa = PBXFileReference; lastKnownFileType = sourcecode.swift; path = Utils.swift; sourceTree = "<group>"; };
		49B40A2324AF64DD007CA592 /* Example.entitlements */ = {isa = PBXFileReference; lastKnownFileType = text.plist.entitlements; path = Example.entitlements; sourceTree = "<group>"; };
		49B40A2524AF64DD007CA592 /* HealthKit.framework */ = {isa = PBXFileReference; lastKnownFileType = wrapper.framework; name = HealthKit.framework; path = System/Library/Frameworks/HealthKit.framework; sourceTree = SDKROOT; };
		49B40A2A24AF663E007CA592 /* SimpleBarChartViewTests.swift */ = {isa = PBXFileReference; lastKnownFileType = sourcecode.swift; path = SimpleBarChartViewTests.swift; sourceTree = "<group>"; };
		49B40A2E24AF6D28007CA592 /* SimpleBarChartPresenterTests.swift */ = {isa = PBXFileReference; lastKnownFileType = sourcecode.swift; path = SimpleBarChartPresenterTests.swift; sourceTree = "<group>"; };
		49B40A3124AF6FF5007CA592 /* ArrayExtensionsTests.swift */ = {isa = PBXFileReference; lastKnownFileType = sourcecode.swift; path = ArrayExtensionsTests.swift; sourceTree = "<group>"; };
		49B40A3424AF738D007CA592 /* BarDataTests.swift */ = {isa = PBXFileReference; lastKnownFileType = sourcecode.swift; path = BarDataTests.swift; sourceTree = "<group>"; };
		49B40A3624AF7507007CA592 /* BarValueDataTests.swift */ = {isa = PBXFileReference; lastKnownFileType = sourcecode.swift; path = BarValueDataTests.swift; sourceTree = "<group>"; };
		49B40A3824AF75C8007CA592 /* BarCharLineTests.swift */ = {isa = PBXFileReference; lastKnownFileType = sourcecode.swift; path = BarCharLineTests.swift; sourceTree = "<group>"; };
		49B40A3A24AF762A007CA592 /* BarChartConfigurationTests.swift */ = {isa = PBXFileReference; lastKnownFileType = sourcecode.swift; path = BarChartConfigurationTests.swift; sourceTree = "<group>"; };
		49B40A3C24AF7691007CA592 /* FirstViewControllerTests.swift */ = {isa = PBXFileReference; lastKnownFileType = sourcecode.swift; path = FirstViewControllerTests.swift; sourceTree = "<group>"; };
		49B40A3E24AF7A93007CA592 /* SeconViewControllerTests.swift */ = {isa = PBXFileReference; lastKnownFileType = sourcecode.swift; path = SeconViewControllerTests.swift; sourceTree = "<group>"; };
		49B40A4024AF7EB6007CA592 /* SecondPresenterTests.swift */ = {isa = PBXFileReference; lastKnownFileType = sourcecode.swift; path = SecondPresenterTests.swift; sourceTree = "<group>"; };
/* End PBXFileReference section */

/* Begin PBXFrameworksBuildPhase section */
		49B409D824AF6083007CA592 /* Frameworks */ = {
			isa = PBXFrameworksBuildPhase;
			buildActionMask = 2147483647;
			files = (
				49B40A2624AF64DD007CA592 /* HealthKit.framework in Frameworks */,
			);
			runOnlyForDeploymentPostprocessing = 0;
		};
		49B409EE24AF6084007CA592 /* Frameworks */ = {
			isa = PBXFrameworksBuildPhase;
			buildActionMask = 2147483647;
			files = (
			);
			runOnlyForDeploymentPostprocessing = 0;
		};
/* End PBXFrameworksBuildPhase section */

/* Begin PBXGroup section */
		49B409D224AF6083007CA592 = {
			isa = PBXGroup;
			children = (
				49B409DD24AF6083007CA592 /* Example */,
				49B409F424AF6084007CA592 /* ExampleTests */,
				49B409DC24AF6083007CA592 /* Products */,
				49B40A2424AF64DD007CA592 /* Frameworks */,
			);
			sourceTree = "<group>";
		};
		49B409DC24AF6083007CA592 /* Products */ = {
			isa = PBXGroup;
			children = (
				49B409DB24AF6083007CA592 /* Example.app */,
				49B409F124AF6084007CA592 /* ExampleTests.xctest */,
			);
			name = Products;
			sourceTree = "<group>";
		};
		49B409DD24AF6083007CA592 /* Example */ = {
			isa = PBXGroup;
			children = (
				49B40A2324AF64DD007CA592 /* Example.entitlements */,
				49B40A0324AF60E2007CA592 /* SimpleBarChartSources */,
				49B40A0224AF6093007CA592 /* Second View Controller */,
				49B40A0124AF608D007CA592 /* First View Controller */,
				49B40A0024AF6089007CA592 /* Support */,
			);
			path = Example;
			sourceTree = "<group>";
		};
		49B409F424AF6084007CA592 /* ExampleTests */ = {
			isa = PBXGroup;
			children = (
				49B40A2924AF6611007CA592 /* Second */,
				49B40A2824AF660B007CA592 /* First */,
				49B40A2724AF65FD007CA592 /* SimpleBarChart */,
				49B409F524AF6084007CA592 /* ExampleTests.swift */,
				49B409F724AF6084007CA592 /* Info.plist */,
			);
			path = ExampleTests;
			sourceTree = "<group>";
		};
		49B40A0024AF6089007CA592 /* Support */ = {
			isa = PBXGroup;
			children = (
				49B409DE24AF6083007CA592 /* AppDelegate.swift */,
				49B409E024AF6083007CA592 /* SceneDelegate.swift */,
				49B409E424AF6083007CA592 /* Main.storyboard */,
				49B409E724AF6084007CA592 /* Assets.xcassets */,
				49B409E924AF6084007CA592 /* LaunchScreen.storyboard */,
				49B409EC24AF6084007CA592 /* Info.plist */,
				49B40A2124AF63D0007CA592 /* Utils.swift */,
			);
			path = Support;
			sourceTree = "<group>";
		};
		49B40A0124AF608D007CA592 /* First View Controller */ = {
			isa = PBXGroup;
			children = (
				49B409E224AF6083007CA592 /* ViewController.swift */,
			);
			path = "First View Controller";
			sourceTree = "<group>";
		};
		49B40A0224AF6093007CA592 /* Second View Controller */ = {
			isa = PBXGroup;
			children = (
				49B40A2024AF62C2007CA592 /* Model */,
				49B40A1F24AF62BF007CA592 /* Presenter */,
				49B40A1E24AF62B6007CA592 /* View */,
			);
			path = "Second View Controller";
			sourceTree = "<group>";
		};
		49B40A0324AF60E2007CA592 /* SimpleBarChartSources */ = {
			isa = PBXGroup;
			children = (
				49B40A0724AF6107007CA592 /* Presenter */,
				49B40A0624AF6104007CA592 /* View */,
				49B40A0524AF6101007CA592 /* Model */,
				49B40A0424AF60F5007CA592 /* Extensions */,
			);
			path = SimpleBarChartSources;
			sourceTree = "<group>";
		};
		49B40A0424AF60F5007CA592 /* Extensions */ = {
			isa = PBXGroup;
			children = (
				49B40A1424AF616C007CA592 /* CALayerExtensions.swift */,
				49B40A1624AF617A007CA592 /* ArrayExtensions.swift */,
			);
			path = Extensions;
			sourceTree = "<group>";
		};
		49B40A0524AF6101007CA592 /* Model */ = {
			isa = PBXGroup;
			children = (
				49B40A0A24AF6120007CA592 /* BarChartConfiguration.swift */,
				49B40A0B24AF6120007CA592 /* BarChartLine.swift */,
				49B40A0924AF6120007CA592 /* BarData.swift */,
				49B40A0824AF6120007CA592 /* BarValueData.swift */,
			);
			path = Model;
			sourceTree = "<group>";
		};
		49B40A0624AF6104007CA592 /* View */ = {
			isa = PBXGroup;
			children = (
				49B40A1224AF615C007CA592 /* SimpleBarChartView.swift */,
			);
			path = View;
			sourceTree = "<group>";
		};
		49B40A0724AF6107007CA592 /* Presenter */ = {
			isa = PBXGroup;
			children = (
				49B40A1024AF6152007CA592 /* BasicBarChartPresenter.swift */,
			);
			path = Presenter;
			sourceTree = "<group>";
		};
		49B40A1E24AF62B6007CA592 /* View */ = {
			isa = PBXGroup;
			children = (
				49B40A1824AF6258007CA592 /* SecondViewController.swift */,
			);
			path = View;
			sourceTree = "<group>";
		};
		49B40A1F24AF62BF007CA592 /* Presenter */ = {
			isa = PBXGroup;
			children = (
				49B40A1A24AF6297007CA592 /* SecondViewPresenter.swift */,
			);
			path = Presenter;
			sourceTree = "<group>";
		};
		49B40A2024AF62C2007CA592 /* Model */ = {
			isa = PBXGroup;
			children = (
				49B40A1C24AF62AF007CA592 /* Day.swift */,
			);
			path = Model;
			sourceTree = "<group>";
		};
		49B40A2424AF64DD007CA592 /* Frameworks */ = {
			isa = PBXGroup;
			children = (
				49B40A2524AF64DD007CA592 /* HealthKit.framework */,
			);
			name = Frameworks;
			sourceTree = "<group>";
		};
		49B40A2724AF65FD007CA592 /* SimpleBarChart */ = {
			isa = PBXGroup;
			children = (
				49B40A3324AF7368007CA592 /* Models */,
				49B40A3024AF6FE2007CA592 /* Extensions */,
				49B40A2D24AF6CB5007CA592 /* Presenter */,
				49B40A2C24AF6CAE007CA592 /* View */,
			);
			path = SimpleBarChart;
			sourceTree = "<group>";
		};
		49B40A2824AF660B007CA592 /* First */ = {
			isa = PBXGroup;
			children = (
				49B40A3C24AF7691007CA592 /* FirstViewControllerTests.swift */,
			);
			path = First;
			sourceTree = "<group>";
		};
		49B40A2924AF6611007CA592 /* Second */ = {
			isa = PBXGroup;
			children = (
				49B40A3E24AF7A93007CA592 /* SeconViewControllerTests.swift */,
				49B40A4024AF7EB6007CA592 /* SecondPresenterTests.swift */,
			);
			path = Second;
			sourceTree = "<group>";
		};
		49B40A2C24AF6CAE007CA592 /* View */ = {
			isa = PBXGroup;
			children = (
				49B40A2A24AF663E007CA592 /* SimpleBarChartViewTests.swift */,
			);
			path = View;
			sourceTree = "<group>";
		};
		49B40A2D24AF6CB5007CA592 /* Presenter */ = {
			isa = PBXGroup;
			children = (
				49B40A2E24AF6D28007CA592 /* SimpleBarChartPresenterTests.swift */,
			);
			path = Presenter;
			sourceTree = "<group>";
		};
		49B40A3024AF6FE2007CA592 /* Extensions */ = {
			isa = PBXGroup;
			children = (
				49B40A3124AF6FF5007CA592 /* ArrayExtensionsTests.swift */,
			);
			path = Extensions;
			sourceTree = "<group>";
		};
		49B40A3324AF7368007CA592 /* Models */ = {
			isa = PBXGroup;
			children = (
				49B40A3424AF738D007CA592 /* BarDataTests.swift */,
				49B40A3624AF7507007CA592 /* BarValueDataTests.swift */,
				49B40A3824AF75C8007CA592 /* BarCharLineTests.swift */,
				49B40A3A24AF762A007CA592 /* BarChartConfigurationTests.swift */,
			);
			path = Models;
			sourceTree = "<group>";
		};
/* End PBXGroup section */

/* Begin PBXNativeTarget section */
		49B409DA24AF6083007CA592 /* Example */ = {
			isa = PBXNativeTarget;
			buildConfigurationList = 49B409FA24AF6084007CA592 /* Build configuration list for PBXNativeTarget "Example" */;
			buildPhases = (
				49B409D724AF6083007CA592 /* Sources */,
				49B409D824AF6083007CA592 /* Frameworks */,
				49B409D924AF6083007CA592 /* Resources */,
			);
			buildRules = (
			);
			dependencies = (
			);
			name = Example;
			productName = Example;
			productReference = 49B409DB24AF6083007CA592 /* Example.app */;
			productType = "com.apple.product-type.application";
		};
		49B409F024AF6084007CA592 /* ExampleTests */ = {
			isa = PBXNativeTarget;
			buildConfigurationList = 49B409FD24AF6084007CA592 /* Build configuration list for PBXNativeTarget "ExampleTests" */;
			buildPhases = (
				49B409ED24AF6084007CA592 /* Sources */,
				49B409EE24AF6084007CA592 /* Frameworks */,
				49B409EF24AF6084007CA592 /* Resources */,
			);
			buildRules = (
			);
			dependencies = (
				49B409F324AF6084007CA592 /* PBXTargetDependency */,
			);
			name = ExampleTests;
			productName = ExampleTests;
			productReference = 49B409F124AF6084007CA592 /* ExampleTests.xctest */;
			productType = "com.apple.product-type.bundle.unit-test";
		};
/* End PBXNativeTarget section */

/* Begin PBXProject section */
		49B409D324AF6083007CA592 /* Project object */ = {
			isa = PBXProject;
			attributes = {
				LastSwiftUpdateCheck = 1150;
				LastUpgradeCheck = 1150;
				ORGANIZATIONNAME = "Вячеслав Яшунин";
				TargetAttributes = {
					49B409DA24AF6083007CA592 = {
						CreatedOnToolsVersion = 11.5;
					};
					49B409F024AF6084007CA592 = {
						CreatedOnToolsVersion = 11.5;
						TestTargetID = 49B409DA24AF6083007CA592;
					};
				};
			};
			buildConfigurationList = 49B409D624AF6083007CA592 /* Build configuration list for PBXProject "Example" */;
			compatibilityVersion = "Xcode 9.3";
			developmentRegion = en;
			hasScannedForEncodings = 0;
			knownRegions = (
				en,
				Base,
			);
			mainGroup = 49B409D224AF6083007CA592;
			productRefGroup = 49B409DC24AF6083007CA592 /* Products */;
			projectDirPath = "";
			projectRoot = "";
			targets = (
				49B409DA24AF6083007CA592 /* Example */,
				49B409F024AF6084007CA592 /* ExampleTests */,
			);
		};
/* End PBXProject section */

/* Begin PBXResourcesBuildPhase section */
		49B409D924AF6083007CA592 /* Resources */ = {
			isa = PBXResourcesBuildPhase;
			buildActionMask = 2147483647;
			files = (
				49B409EB24AF6084007CA592 /* LaunchScreen.storyboard in Resources */,
				49B409E824AF6084007CA592 /* Assets.xcassets in Resources */,
				49B409E624AF6083007CA592 /* Main.storyboard in Resources */,
			);
			runOnlyForDeploymentPostprocessing = 0;
		};
		49B409EF24AF6084007CA592 /* Resources */ = {
			isa = PBXResourcesBuildPhase;
			buildActionMask = 2147483647;
			files = (
			);
			runOnlyForDeploymentPostprocessing = 0;
		};
/* End PBXResourcesBuildPhase section */

/* Begin PBXSourcesBuildPhase section */
		49B409D724AF6083007CA592 /* Sources */ = {
			isa = PBXSourcesBuildPhase;
			buildActionMask = 2147483647;
			files = (
				49B40A1D24AF62AF007CA592 /* Day.swift in Sources */,
				49B40A1924AF6258007CA592 /* SecondViewController.swift in Sources */,
				49B40A1124AF6152007CA592 /* BasicBarChartPresenter.swift in Sources */,
				49B40A1324AF615C007CA592 /* SimpleBarChartView.swift in Sources */,
				49B40A0D24AF6120007CA592 /* BarData.swift in Sources */,
				49B40A2224AF63D0007CA592 /* Utils.swift in Sources */,
				49B409E324AF6083007CA592 /* ViewController.swift in Sources */,
				49B40A0C24AF6120007CA592 /* BarValueData.swift in Sources */,
				49B40A1724AF617A007CA592 /* ArrayExtensions.swift in Sources */,
				49B40A1B24AF6297007CA592 /* SecondViewPresenter.swift in Sources */,
				49B40A0F24AF6120007CA592 /* BarChartLine.swift in Sources */,
				49B409DF24AF6083007CA592 /* AppDelegate.swift in Sources */,
				49B40A1524AF616C007CA592 /* CALayerExtensions.swift in Sources */,
				49B409E124AF6083007CA592 /* SceneDelegate.swift in Sources */,
				49B40A0E24AF6120007CA592 /* BarChartConfiguration.swift in Sources */,
			);
			runOnlyForDeploymentPostprocessing = 0;
		};
		49B409ED24AF6084007CA592 /* Sources */ = {
			isa = PBXSourcesBuildPhase;
			buildActionMask = 2147483647;
			files = (
				49B40A3D24AF7691007CA592 /* FirstViewControllerTests.swift in Sources */,
				49B409F624AF6084007CA592 /* ExampleTests.swift in Sources */,
				49B40A3724AF7507007CA592 /* BarValueDataTests.swift in Sources */,
				49B40A3B24AF762A007CA592 /* BarChartConfigurationTests.swift in Sources */,
				49B40A2F24AF6D28007CA592 /* SimpleBarChartPresenterTests.swift in Sources */,
				49B40A3524AF738D007CA592 /* BarDataTests.swift in Sources */,
				49B40A2B24AF663E007CA592 /* SimpleBarChartViewTests.swift in Sources */,
				49B40A3F24AF7A93007CA592 /* SeconViewControllerTests.swift in Sources */,
				49B40A3924AF75C8007CA592 /* BarCharLineTests.swift in Sources */,
				49B40A3224AF6FF5007CA592 /* ArrayExtensionsTests.swift in Sources */,
				49B40A4124AF7EB6007CA592 /* SecondPresenterTests.swift in Sources */,
			);
			runOnlyForDeploymentPostprocessing = 0;
		};
/* End PBXSourcesBuildPhase section */

/* Begin PBXTargetDependency section */
		49B409F324AF6084007CA592 /* PBXTargetDependency */ = {
			isa = PBXTargetDependency;
			target = 49B409DA24AF6083007CA592 /* Example */;
			targetProxy = 49B409F224AF6084007CA592 /* PBXContainerItemProxy */;
		};
/* End PBXTargetDependency section */

/* Begin PBXVariantGroup section */
		49B409E424AF6083007CA592 /* Main.storyboard */ = {
			isa = PBXVariantGroup;
			children = (
				49B409E524AF6083007CA592 /* Base */,
			);
			name = Main.storyboard;
			sourceTree = "<group>";
		};
		49B409E924AF6084007CA592 /* LaunchScreen.storyboard */ = {
			isa = PBXVariantGroup;
			children = (
				49B409EA24AF6084007CA592 /* Base */,
			);
			name = LaunchScreen.storyboard;
			sourceTree = "<group>";
		};
/* End PBXVariantGroup section */

/* Begin XCBuildConfiguration section */
		49B409F824AF6084007CA592 /* Debug */ = {
			isa = XCBuildConfiguration;
			buildSettings = {
				ALWAYS_SEARCH_USER_PATHS = NO;
				CLANG_ANALYZER_NONNULL = YES;
				CLANG_ANALYZER_NUMBER_OBJECT_CONVERSION = YES_AGGRESSIVE;
				CLANG_CXX_LANGUAGE_STANDARD = "gnu++14";
				CLANG_CXX_LIBRARY = "libc++";
				CLANG_ENABLE_MODULES = YES;
				CLANG_ENABLE_OBJC_ARC = YES;
				CLANG_ENABLE_OBJC_WEAK = YES;
				CLANG_WARN_BLOCK_CAPTURE_AUTORELEASING = YES;
				CLANG_WARN_BOOL_CONVERSION = YES;
				CLANG_WARN_COMMA = YES;
				CLANG_WARN_CONSTANT_CONVERSION = YES;
				CLANG_WARN_DEPRECATED_OBJC_IMPLEMENTATIONS = YES;
				CLANG_WARN_DIRECT_OBJC_ISA_USAGE = YES_ERROR;
				CLANG_WARN_DOCUMENTATION_COMMENTS = YES;
				CLANG_WARN_EMPTY_BODY = YES;
				CLANG_WARN_ENUM_CONVERSION = YES;
				CLANG_WARN_INFINITE_RECURSION = YES;
				CLANG_WARN_INT_CONVERSION = YES;
				CLANG_WARN_NON_LITERAL_NULL_CONVERSION = YES;
				CLANG_WARN_OBJC_IMPLICIT_RETAIN_SELF = YES;
				CLANG_WARN_OBJC_LITERAL_CONVERSION = YES;
				CLANG_WARN_OBJC_ROOT_CLASS = YES_ERROR;
				CLANG_WARN_RANGE_LOOP_ANALYSIS = YES;
				CLANG_WARN_STRICT_PROTOTYPES = YES;
				CLANG_WARN_SUSPICIOUS_MOVE = YES;
				CLANG_WARN_UNGUARDED_AVAILABILITY = YES_AGGRESSIVE;
				CLANG_WARN_UNREACHABLE_CODE = YES;
				CLANG_WARN__DUPLICATE_METHOD_MATCH = YES;
				COPY_PHASE_STRIP = NO;
				DEBUG_INFORMATION_FORMAT = dwarf;
				ENABLE_STRICT_OBJC_MSGSEND = YES;
				ENABLE_TESTABILITY = YES;
				GCC_C_LANGUAGE_STANDARD = gnu11;
				GCC_DYNAMIC_NO_PIC = NO;
				GCC_NO_COMMON_BLOCKS = YES;
				GCC_OPTIMIZATION_LEVEL = 0;
				GCC_PREPROCESSOR_DEFINITIONS = (
					"DEBUG=1",
					"$(inherited)",
				);
				GCC_WARN_64_TO_32_BIT_CONVERSION = YES;
				GCC_WARN_ABOUT_RETURN_TYPE = YES_ERROR;
				GCC_WARN_UNDECLARED_SELECTOR = YES;
				GCC_WARN_UNINITIALIZED_AUTOS = YES_AGGRESSIVE;
				GCC_WARN_UNUSED_FUNCTION = YES;
				GCC_WARN_UNUSED_VARIABLE = YES;
				IPHONEOS_DEPLOYMENT_TARGET = 13.5;
				MTL_ENABLE_DEBUG_INFO = INCLUDE_SOURCE;
				MTL_FAST_MATH = YES;
				ONLY_ACTIVE_ARCH = YES;
				SDKROOT = iphoneos;
				SWIFT_ACTIVE_COMPILATION_CONDITIONS = DEBUG;
				SWIFT_OPTIMIZATION_LEVEL = "-Onone";
			};
			name = Debug;
		};
		49B409F924AF6084007CA592 /* Release */ = {
			isa = XCBuildConfiguration;
			buildSettings = {
				ALWAYS_SEARCH_USER_PATHS = NO;
				CLANG_ANALYZER_NONNULL = YES;
				CLANG_ANALYZER_NUMBER_OBJECT_CONVERSION = YES_AGGRESSIVE;
				CLANG_CXX_LANGUAGE_STANDARD = "gnu++14";
				CLANG_CXX_LIBRARY = "libc++";
				CLANG_ENABLE_MODULES = YES;
				CLANG_ENABLE_OBJC_ARC = YES;
				CLANG_ENABLE_OBJC_WEAK = YES;
				CLANG_WARN_BLOCK_CAPTURE_AUTORELEASING = YES;
				CLANG_WARN_BOOL_CONVERSION = YES;
				CLANG_WARN_COMMA = YES;
				CLANG_WARN_CONSTANT_CONVERSION = YES;
				CLANG_WARN_DEPRECATED_OBJC_IMPLEMENTATIONS = YES;
				CLANG_WARN_DIRECT_OBJC_ISA_USAGE = YES_ERROR;
				CLANG_WARN_DOCUMENTATION_COMMENTS = YES;
				CLANG_WARN_EMPTY_BODY = YES;
				CLANG_WARN_ENUM_CONVERSION = YES;
				CLANG_WARN_INFINITE_RECURSION = YES;
				CLANG_WARN_INT_CONVERSION = YES;
				CLANG_WARN_NON_LITERAL_NULL_CONVERSION = YES;
				CLANG_WARN_OBJC_IMPLICIT_RETAIN_SELF = YES;
				CLANG_WARN_OBJC_LITERAL_CONVERSION = YES;
				CLANG_WARN_OBJC_ROOT_CLASS = YES_ERROR;
				CLANG_WARN_RANGE_LOOP_ANALYSIS = YES;
				CLANG_WARN_STRICT_PROTOTYPES = YES;
				CLANG_WARN_SUSPICIOUS_MOVE = YES;
				CLANG_WARN_UNGUARDED_AVAILABILITY = YES_AGGRESSIVE;
				CLANG_WARN_UNREACHABLE_CODE = YES;
				CLANG_WARN__DUPLICATE_METHOD_MATCH = YES;
				COPY_PHASE_STRIP = NO;
				DEBUG_INFORMATION_FORMAT = "dwarf-with-dsym";
				ENABLE_NS_ASSERTIONS = NO;
				ENABLE_STRICT_OBJC_MSGSEND = YES;
				GCC_C_LANGUAGE_STANDARD = gnu11;
				GCC_NO_COMMON_BLOCKS = YES;
				GCC_WARN_64_TO_32_BIT_CONVERSION = YES;
				GCC_WARN_ABOUT_RETURN_TYPE = YES_ERROR;
				GCC_WARN_UNDECLARED_SELECTOR = YES;
				GCC_WARN_UNINITIALIZED_AUTOS = YES_AGGRESSIVE;
				GCC_WARN_UNUSED_FUNCTION = YES;
				GCC_WARN_UNUSED_VARIABLE = YES;
				IPHONEOS_DEPLOYMENT_TARGET = 13.5;
				MTL_ENABLE_DEBUG_INFO = NO;
				MTL_FAST_MATH = YES;
				SDKROOT = iphoneos;
				SWIFT_COMPILATION_MODE = wholemodule;
				SWIFT_OPTIMIZATION_LEVEL = "-O";
				VALIDATE_PRODUCT = YES;
			};
			name = Release;
		};
		49B409FB24AF6084007CA592 /* Debug */ = {
			isa = XCBuildConfiguration;
			buildSettings = {
				ASSETCATALOG_COMPILER_APPICON_NAME = AppIcon;
				CODE_SIGN_ENTITLEMENTS = Example/Example.entitlements;
				CODE_SIGN_IDENTITY = "Apple Development";
				CODE_SIGN_STYLE = Automatic;
				DEVELOPMENT_TEAM = 24JXP22GSE;
				INFOPLIST_FILE = Example/Support/Info.plist;
				LD_RUNPATH_SEARCH_PATHS = (
					"$(inherited)",
					"@executable_path/Frameworks",
				);
				PRODUCT_BUNDLE_IDENTIFIER = vyashunin.Example;
				PRODUCT_NAME = "$(TARGET_NAME)";
				PROVISIONING_PROFILE_SPECIFIER = "";
				SWIFT_VERSION = 5.0;
				TARGETED_DEVICE_FAMILY = "1,2";
			};
			name = Debug;
		};
		49B409FC24AF6084007CA592 /* Release */ = {
			isa = XCBuildConfiguration;
			buildSettings = {
				ASSETCATALOG_COMPILER_APPICON_NAME = AppIcon;
				CODE_SIGN_ENTITLEMENTS = Example/Example.entitlements;
				CODE_SIGN_IDENTITY = "Apple Development";
				CODE_SIGN_STYLE = Automatic;
				DEVELOPMENT_TEAM = 24JXP22GSE;
				INFOPLIST_FILE = Example/Support/Info.plist;
				LD_RUNPATH_SEARCH_PATHS = (
					"$(inherited)",
					"@executable_path/Frameworks",
				);
				PRODUCT_BUNDLE_IDENTIFIER = vyashunin.Example;
				PRODUCT_NAME = "$(TARGET_NAME)";
				PROVISIONING_PROFILE_SPECIFIER = "";
				SWIFT_VERSION = 5.0;
				TARGETED_DEVICE_FAMILY = "1,2";
			};
			name = Release;
		};
		49B409FE24AF6084007CA592 /* Debug */ = {
			isa = XCBuildConfiguration;
			buildSettings = {
				ALWAYS_EMBED_SWIFT_STANDARD_LIBRARIES = YES;
				BUNDLE_LOADER = "$(TEST_HOST)";
				CODE_SIGN_STYLE = Automatic;
				DEVELOPMENT_TEAM = 24JXP22GSE;
				INFOPLIST_FILE = ExampleTests/Info.plist;
				IPHONEOS_DEPLOYMENT_TARGET = 13.5;
				LD_RUNPATH_SEARCH_PATHS = (
					"$(inherited)",
					"@executable_path/Frameworks",
					"@loader_path/Frameworks",
				);
				PRODUCT_BUNDLE_IDENTIFIER = vyashunin.ExampleTests;
				PRODUCT_NAME = "$(TARGET_NAME)";
				SWIFT_VERSION = 5.0;
				TARGETED_DEVICE_FAMILY = "1,2";
				TEST_HOST = "$(BUILT_PRODUCTS_DIR)/Example.app/Example";
			};
			name = Debug;
		};
		49B409FF24AF6084007CA592 /* Release */ = {
			isa = XCBuildConfiguration;
			buildSettings = {
				ALWAYS_EMBED_SWIFT_STANDARD_LIBRARIES = YES;
				BUNDLE_LOADER = "$(TEST_HOST)";
				CODE_SIGN_STYLE = Automatic;
				DEVELOPMENT_TEAM = 24JXP22GSE;
				INFOPLIST_FILE = ExampleTests/Info.plist;
				IPHONEOS_DEPLOYMENT_TARGET = 13.5;
				LD_RUNPATH_SEARCH_PATHS = (
					"$(inherited)",
					"@executable_path/Frameworks",
					"@loader_path/Frameworks",
				);
				PRODUCT_BUNDLE_IDENTIFIER = vyashunin.ExampleTests;
				PRODUCT_NAME = "$(TARGET_NAME)";
				SWIFT_VERSION = 5.0;
				TARGETED_DEVICE_FAMILY = "1,2";
				TEST_HOST = "$(BUILT_PRODUCTS_DIR)/Example.app/Example";
			};
			name = Release;
		};
/* End XCBuildConfiguration section */

/* Begin XCConfigurationList section */
		49B409D624AF6083007CA592 /* Build configuration list for PBXProject "Example" */ = {
			isa = XCConfigurationList;
			buildConfigurations = (
				49B409F824AF6084007CA592 /* Debug */,
				49B409F924AF6084007CA592 /* Release */,
			);
			defaultConfigurationIsVisible = 0;
			defaultConfigurationName = Release;
		};
		49B409FA24AF6084007CA592 /* Build configuration list for PBXNativeTarget "Example" */ = {
			isa = XCConfigurationList;
			buildConfigurations = (
				49B409FB24AF6084007CA592 /* Debug */,
				49B409FC24AF6084007CA592 /* Release */,
			);
			defaultConfigurationIsVisible = 0;
			defaultConfigurationName = Release;
		};
		49B409FD24AF6084007CA592 /* Build configuration list for PBXNativeTarget "ExampleTests" */ = {
			isa = XCConfigurationList;
			buildConfigurations = (
				49B409FE24AF6084007CA592 /* Debug */,
				49B409FF24AF6084007CA592 /* Release */,
			);
			defaultConfigurationIsVisible = 0;
			defaultConfigurationName = Release;
		};
/* End XCConfigurationList section */
	};
	rootObject = 49B409D324AF6083007CA592 /* Project object */;
}
